
Microsoft Visual Studio Solution File, Format Version 12.00
# Visual Studio Version 17
VisualStudioVersion = 17.10.35027.167
MinimumVisualStudioVersion = 10.0.40219.1
Project("{9A19103F-16F7-4668-BE54-9A1E7A4F7556}") = "Snowdeed.PasswordManager.API", "Snowdeed.PasswordManager.API\Snowdeed.PasswordManager.API.csproj", "{36119803-034F-477E-A6C6-34A9E0451615}"
EndProject
Project("{FAE04EC0-301F-11D3-BF4B-00C04F79EFBC}") = "Snowdeed.PasswordManager.Tests", "Snowdeed.PasswordManager.Tests\Snowdeed.PasswordManager.Tests.csproj", "{3A533350-FEF8-4A1A-804C-12FA35DAE970}"
EndProject
Project("{FAE04EC0-301F-11D3-BF4B-00C04F79EFBC}") = "Snowdeed.PasswordManager.Application", "Snowdeed.PasswordManager.Application\Snowdeed.PasswordManager.Application.csproj", "{191B727D-5467-40C0-83EE-206632606547}"
EndProject
Project("{FAE04EC0-301F-11D3-BF4B-00C04F79EFBC}") = "Snowdeed.PasswordManager.Domain", "Snowdeed.PasswordManager.Domain\Snowdeed.PasswordManager.Domain.csproj", "{E8070095-641D-45AA-ACC2-D71F840191B8}"
EndProject
Project("{FAE04EC0-301F-11D3-BF4B-00C04F79EFBC}") = "Snowdeed.PasswordManager.Infrastructure", "Snowdeed.PasswordManager.Infrastructure\Snowdeed.PasswordManager.Infrastructure.csproj", "{697E375D-03D4-4117-B0B1-4E0CEB4BA9E2}"
EndProject
Global
	GlobalSection(SolutionConfigurationPlatforms) = preSolution
		Debug|Any CPU = Debug|Any CPU
		Release|Any CPU = Release|Any CPU
	EndGlobalSection
	GlobalSection(ProjectConfigurationPlatforms) = postSolution
		{36119803-034F-477E-A6C6-34A9E0451615}.Debug|Any CPU.ActiveCfg = Debug|Any CPU
		{36119803-034F-477E-A6C6-34A9E0451615}.Debug|Any CPU.Build.0 = Debug|Any CPU
		{36119803-034F-477E-A6C6-34A9E0451615}.Release|Any CPU.ActiveCfg = Release|Any CPU
		{36119803-034F-477E-A6C6-34A9E0451615}.Release|Any CPU.Build.0 = Release|Any CPU
		{3A533350-FEF8-4A1A-804C-12FA35DAE970}.Debug|Any CPU.ActiveCfg = Debug|Any CPU
		{3A533350-FEF8-4A1A-804C-12FA35DAE970}.Debug|Any CPU.Build.0 = Debug|Any CPU
		{3A533350-FEF8-4A1A-804C-12FA35DAE970}.Release|Any CPU.ActiveCfg = Release|Any CPU
		{3A533350-FEF8-4A1A-804C-12FA35DAE970}.Release|Any CPU.Build.0 = Release|Any CPU
		{191B727D-5467-40C0-83EE-206632606547}.Debug|Any CPU.ActiveCfg = Debug|Any CPU
		{191B727D-5467-40C0-83EE-206632606547}.Debug|Any CPU.Build.0 = Debug|Any CPU
		{191B727D-5467-40C0-83EE-206632606547}.Release|Any CPU.ActiveCfg = Release|Any CPU
		{191B727D-5467-40C0-83EE-206632606547}.Release|Any CPU.Build.0 = Release|Any CPU
		{E8070095-641D-45AA-ACC2-D71F840191B8}.Debug|Any CPU.ActiveCfg = Debug|Any CPU
		{E8070095-641D-45AA-ACC2-D71F840191B8}.Debug|Any CPU.Build.0 = Debug|Any CPU
		{E8070095-641D-45AA-ACC2-D71F840191B8}.Release|Any CPU.ActiveCfg = Release|Any CPU
		{E8070095-641D-45AA-ACC2-D71F840191B8}.Release|Any CPU.Build.0 = Release|Any CPU
		{697E375D-03D4-4117-B0B1-4E0CEB4BA9E2}.Debug|Any CPU.ActiveCfg = Debug|Any CPU
		{697E375D-03D4-4117-B0B1-4E0CEB4BA9E2}.Debug|Any CPU.Build.0 = Debug|Any CPU
		{697E375D-03D4-4117-B0B1-4E0CEB4BA9E2}.Release|Any CPU.ActiveCfg = Release|Any CPU
		{697E375D-03D4-4117-B0B1-4E0CEB4BA9E2}.Release|Any CPU.Build.0 = Release|Any CPU
	EndGlobalSection
	GlobalSection(SolutionProperties) = preSolution
		HideSolutionNode = FALSE
	EndGlobalSection
	GlobalSection(ExtensibilityGlobals) = postSolution
		SolutionGuid = {17AA1F07-AD59-407B-80A1-44C2566EF938}
	EndGlobalSection
EndGlobal
